
Microsoft Visual Studio Solution File, Format Version 12.00
# Visual Studio Version 16
VisualStudioVersion = 16.0.810.6
MinimumVisualStudioVersion = 10.0.40219.1
Project("{FAE04EC0-301F-11D3-BF4B-00C04F79EFBC}") = "AtividadeFaculdade", "AtividadeFaculdade.csproj", "{0553D8AA-8F8A-4481-A451-54766FD6EC67}"
EndProject
Global
	GlobalSection(SolutionConfigurationPlatforms) = preSolution
		Debug|anycpu = Debug|anycpu
		Release|anycpu = Release|anycpu
	EndGlobalSection
	GlobalSection(ProjectConfigurationPlatforms) = postSolution
		{0553D8AA-8F8A-4481-A451-54766FD6EC67}.Debug|anycpu.ActiveCfg = Debug|anycpu
		{0553D8AA-8F8A-4481-A451-54766FD6EC67}.Debug|anycpu.Build.0 = Debug|anycpu
		{0553D8AA-8F8A-4481-A451-54766FD6EC67}.Release|anycpu.ActiveCfg = Release|anycpu
		{0553D8AA-8F8A-4481-A451-54766FD6EC67}.Release|anycpu.Build.0 = Release|anycpu
	EndGlobalSection
	GlobalSection(SolutionProperties) = preSolution
		HideSolutionNode = FALSE
	EndGlobalSection
	GlobalSection(ExtensibilityGlobals) = postSolution
		SolutionGuid = {F26A9E08-AD7C-4F2C-9D9E-52DBB01C54E4}
	EndGlobalSection
EndGlobal
